
Microsoft Visual Studio Solution File, Format Version 12.00
# Visual Studio Version 16
VisualStudioVersion = 16.0.29324.140
MinimumVisualStudioVersion = 10.0.40219.1
Project("{FAE04EC0-301F-11D3-BF4B-00C04F79EFBC}") = "XamarinTutorial.Android", "XamarinTutorial\XamarinTutorial.Android\XamarinTutorial.Android.csproj", "{D123F15C-B5D1-4D7C-B398-B1CDA9437AC1}"
EndProject
Project("{FAE04EC0-301F-11D3-BF4B-00C04F79EFBC}") = "XamarinTutorial.iOS", "XamarinTutorial\XamarinTutorial.iOS\XamarinTutorial.iOS.csproj", "{B216DC04-BFB3-486B-8DD8-11554A2F4101}"
EndProject
Project("{9A19103F-16F7-4668-BE54-9A1E7A4F7556}") = "XamarinTutorial", "XamarinTutorial\XamarinTutorial\XamarinTutorial.csproj", "{8C85B82E-06D8-4A48-BBE6-BDFE2461128E}"
EndProject
Project("{FAE04EC0-301F-11D3-BF4B-00C04F79EFBC}") = "eServiceApp.UWP", "eServiceApp\eServiceApp.UWP\eServiceApp.UWP.csproj", "{C945ED23-DE52-4510-BE30-9A7C07E4C0B0}"
EndProject
Project("{FAE04EC0-301F-11D3-BF4B-00C04F79EFBC}") = "eServiceApp.Android", "eServiceApp\eServiceApp.Android\eServiceApp.Android.csproj", "{70E94C2B-5C8D-4EC0-9A5E-0937DB05AA46}"
EndProject
Project("{FAE04EC0-301F-11D3-BF4B-00C04F79EFBC}") = "eServiceApp.iOS", "eServiceApp\eServiceApp.iOS\eServiceApp.iOS.csproj", "{1630E1E5-C163-4FEA-8826-B3A87496A0E2}"
EndProject
Project("{9A19103F-16F7-4668-BE54-9A1E7A4F7556}") = "eServiceApp", "eServiceApp\eServiceApp\eServiceApp.csproj", "{21450442-A233-4618-9DAB-A0EFE5554652}"
EndProject
Project("{9A19103F-16F7-4668-BE54-9A1E7A4F7556}") = "ToDoWebApi", "ToDoWebApi\ToDoWebApi.csproj", "{0FFA8C06-4BDB-4911-BD65-F39496992F0B}"
EndProject
Project("{2150E333-8FDC-42A3-9474-1A3956D46DE8}") = "Mobile Apps", "Mobile Apps", "{7FE0D38E-F0F3-42E7-A6BB-7F20586D47CC}"
EndProject
Project("{FAE04EC0-301F-11D3-BF4B-00C04F79EFBC}") = "ToDoApp.Android", "ToDoApp\ToDoApp.Android\ToDoApp.Android.csproj", "{DCD8A899-E1FA-457B-9A9A-57F37D573F59}"
EndProject
Project("{FAE04EC0-301F-11D3-BF4B-00C04F79EFBC}") = "ToDoApp.iOS", "ToDoApp\ToDoApp.iOS\ToDoApp.iOS.csproj", "{55F19E14-B16D-4126-BAFD-93CE736E6368}"
EndProject
Project("{FAE04EC0-301F-11D3-BF4B-00C04F79EFBC}") = "ToDoApp", "ToDoApp\ToDoApp\ToDoApp.csproj", "{BB5DD585-A751-4A02-AEFC-938F5F870C99}"
EndProject
Global
	GlobalSection(SolutionConfigurationPlatforms) = preSolution
		Debug|Any CPU = Debug|Any CPU
		Debug|ARM = Debug|ARM
		Debug|iPhone = Debug|iPhone
		Debug|iPhoneSimulator = Debug|iPhoneSimulator
		Debug|x64 = Debug|x64
		Debug|x86 = Debug|x86
		Release|Any CPU = Release|Any CPU
		Release|ARM = Release|ARM
		Release|iPhone = Release|iPhone
		Release|iPhoneSimulator = Release|iPhoneSimulator
		Release|x64 = Release|x64
		Release|x86 = Release|x86
	EndGlobalSection
	GlobalSection(ProjectConfigurationPlatforms) = postSolution
		{D123F15C-B5D1-4D7C-B398-B1CDA9437AC1}.Debug|Any CPU.ActiveCfg = Debug|Any CPU
		{D123F15C-B5D1-4D7C-B398-B1CDA9437AC1}.Debug|Any CPU.Build.0 = Debug|Any CPU
		{D123F15C-B5D1-4D7C-B398-B1CDA9437AC1}.Debug|Any CPU.Deploy.0 = Debug|Any CPU
		{D123F15C-B5D1-4D7C-B398-B1CDA9437AC1}.Debug|ARM.ActiveCfg = Debug|Any CPU
		{D123F15C-B5D1-4D7C-B398-B1CDA9437AC1}.Debug|ARM.Build.0 = Debug|Any CPU
		{D123F15C-B5D1-4D7C-B398-B1CDA9437AC1}.Debug|ARM.Deploy.0 = Debug|Any CPU
		{D123F15C-B5D1-4D7C-B398-B1CDA9437AC1}.Debug|iPhone.ActiveCfg = Debug|Any CPU
		{D123F15C-B5D1-4D7C-B398-B1CDA9437AC1}.Debug|iPhone.Build.0 = Debug|Any CPU
		{D123F15C-B5D1-4D7C-B398-B1CDA9437AC1}.Debug|iPhone.Deploy.0 = Debug|Any CPU
		{D123F15C-B5D1-4D7C-B398-B1CDA9437AC1}.Debug|iPhoneSimulator.ActiveCfg = Debug|Any CPU
		{D123F15C-B5D1-4D7C-B398-B1CDA9437AC1}.Debug|iPhoneSimulator.Build.0 = Debug|Any CPU
		{D123F15C-B5D1-4D7C-B398-B1CDA9437AC1}.Debug|iPhoneSimulator.Deploy.0 = Debug|Any CPU
		{D123F15C-B5D1-4D7C-B398-B1CDA9437AC1}.Debug|x64.ActiveCfg = Debug|Any CPU
		{D123F15C-B5D1-4D7C-B398-B1CDA9437AC1}.Debug|x64.Build.0 = Debug|Any CPU
		{D123F15C-B5D1-4D7C-B398-B1CDA9437AC1}.Debug|x64.Deploy.0 = Debug|Any CPU
		{D123F15C-B5D1-4D7C-B398-B1CDA9437AC1}.Debug|x86.ActiveCfg = Debug|Any CPU
		{D123F15C-B5D1-4D7C-B398-B1CDA9437AC1}.Debug|x86.Build.0 = Debug|Any CPU
		{D123F15C-B5D1-4D7C-B398-B1CDA9437AC1}.Debug|x86.Deploy.0 = Debug|Any CPU
		{D123F15C-B5D1-4D7C-B398-B1CDA9437AC1}.Release|Any CPU.ActiveCfg = Release|Any CPU
		{D123F15C-B5D1-4D7C-B398-B1CDA9437AC1}.Release|Any CPU.Build.0 = Release|Any CPU
		{D123F15C-B5D1-4D7C-B398-B1CDA9437AC1}.Release|Any CPU.Deploy.0 = Release|Any CPU
		{D123F15C-B5D1-4D7C-B398-B1CDA9437AC1}.Release|ARM.ActiveCfg = Release|Any CPU
		{D123F15C-B5D1-4D7C-B398-B1CDA9437AC1}.Release|ARM.Build.0 = Release|Any CPU
		{D123F15C-B5D1-4D7C-B398-B1CDA9437AC1}.Release|ARM.Deploy.0 = Release|Any CPU
		{D123F15C-B5D1-4D7C-B398-B1CDA9437AC1}.Release|iPhone.ActiveCfg = Release|Any CPU
		{D123F15C-B5D1-4D7C-B398-B1CDA9437AC1}.Release|iPhone.Build.0 = Release|Any CPU
		{D123F15C-B5D1-4D7C-B398-B1CDA9437AC1}.Release|iPhone.Deploy.0 = Release|Any CPU
		{D123F15C-B5D1-4D7C-B398-B1CDA9437AC1}.Release|iPhoneSimulator.ActiveCfg = Release|Any CPU
		{D123F15C-B5D1-4D7C-B398-B1CDA9437AC1}.Release|iPhoneSimulator.Build.0 = Release|Any CPU
		{D123F15C-B5D1-4D7C-B398-B1CDA9437AC1}.Release|iPhoneSimulator.Deploy.0 = Release|Any CPU
		{D123F15C-B5D1-4D7C-B398-B1CDA9437AC1}.Release|x64.ActiveCfg = Release|Any CPU
		{D123F15C-B5D1-4D7C-B398-B1CDA9437AC1}.Release|x64.Build.0 = Release|Any CPU
		{D123F15C-B5D1-4D7C-B398-B1CDA9437AC1}.Release|x64.Deploy.0 = Release|Any CPU
		{D123F15C-B5D1-4D7C-B398-B1CDA9437AC1}.Release|x86.ActiveCfg = Release|Any CPU
		{D123F15C-B5D1-4D7C-B398-B1CDA9437AC1}.Release|x86.Build.0 = Release|Any CPU
		{D123F15C-B5D1-4D7C-B398-B1CDA9437AC1}.Release|x86.Deploy.0 = Release|Any CPU
		{B216DC04-BFB3-486B-8DD8-11554A2F4101}.Debug|Any CPU.ActiveCfg = Debug|iPhoneSimulator
		{B216DC04-BFB3-486B-8DD8-11554A2F4101}.Debug|Any CPU.Build.0 = Debug|iPhoneSimulator
		{B216DC04-BFB3-486B-8DD8-11554A2F4101}.Debug|Any CPU.Deploy.0 = Debug|iPhoneSimulator
		{B216DC04-BFB3-486B-8DD8-11554A2F4101}.Debug|ARM.ActiveCfg = Debug|iPhone
		{B216DC04-BFB3-486B-8DD8-11554A2F4101}.Debug|iPhone.ActiveCfg = Debug|iPhone
		{B216DC04-BFB3-486B-8DD8-11554A2F4101}.Debug|iPhone.Build.0 = Debug|iPhone
		{B216DC04-BFB3-486B-8DD8-11554A2F4101}.Debug|iPhone.Deploy.0 = Debug|iPhone
		{B216DC04-BFB3-486B-8DD8-11554A2F4101}.Debug|iPhoneSimulator.ActiveCfg = Debug|iPhoneSimulator
		{B216DC04-BFB3-486B-8DD8-11554A2F4101}.Debug|iPhoneSimulator.Build.0 = Debug|iPhoneSimulator
		{B216DC04-BFB3-486B-8DD8-11554A2F4101}.Debug|iPhoneSimulator.Deploy.0 = Debug|iPhoneSimulator
		{B216DC04-BFB3-486B-8DD8-11554A2F4101}.Debug|x64.ActiveCfg = Debug|iPhone
		{B216DC04-BFB3-486B-8DD8-11554A2F4101}.Debug|x86.ActiveCfg = Debug|iPhone
		{B216DC04-BFB3-486B-8DD8-11554A2F4101}.Release|Any CPU.ActiveCfg = Release|iPhone
		{B216DC04-BFB3-486B-8DD8-11554A2F4101}.Release|Any CPU.Build.0 = Release|iPhone
		{B216DC04-BFB3-486B-8DD8-11554A2F4101}.Release|Any CPU.Deploy.0 = Release|iPhone
		{B216DC04-BFB3-486B-8DD8-11554A2F4101}.Release|ARM.ActiveCfg = Release|iPhoneSimulator
		{B216DC04-BFB3-486B-8DD8-11554A2F4101}.Release|iPhone.ActiveCfg = Release|iPhone
		{B216DC04-BFB3-486B-8DD8-11554A2F4101}.Release|iPhone.Build.0 = Release|iPhone
		{B216DC04-BFB3-486B-8DD8-11554A2F4101}.Release|iPhone.Deploy.0 = Release|iPhone
		{B216DC04-BFB3-486B-8DD8-11554A2F4101}.Release|iPhoneSimulator.ActiveCfg = Release|iPhoneSimulator
		{B216DC04-BFB3-486B-8DD8-11554A2F4101}.Release|iPhoneSimulator.Build.0 = Release|iPhoneSimulator
		{B216DC04-BFB3-486B-8DD8-11554A2F4101}.Release|iPhoneSimulator.Deploy.0 = Release|iPhoneSimulator
		{B216DC04-BFB3-486B-8DD8-11554A2F4101}.Release|x64.ActiveCfg = Release|iPhoneSimulator
		{B216DC04-BFB3-486B-8DD8-11554A2F4101}.Release|x86.ActiveCfg = Release|iPhoneSimulator
		{8C85B82E-06D8-4A48-BBE6-BDFE2461128E}.Debug|Any CPU.ActiveCfg = Debug|Any CPU
		{8C85B82E-06D8-4A48-BBE6-BDFE2461128E}.Debug|Any CPU.Build.0 = Debug|Any CPU
		{8C85B82E-06D8-4A48-BBE6-BDFE2461128E}.Debug|Any CPU.Deploy.0 = Debug|Any CPU
		{8C85B82E-06D8-4A48-BBE6-BDFE2461128E}.Debug|ARM.ActiveCfg = Debug|Any CPU
		{8C85B82E-06D8-4A48-BBE6-BDFE2461128E}.Debug|ARM.Build.0 = Debug|Any CPU
		{8C85B82E-06D8-4A48-BBE6-BDFE2461128E}.Debug|iPhone.ActiveCfg = Debug|Any CPU
		{8C85B82E-06D8-4A48-BBE6-BDFE2461128E}.Debug|iPhone.Build.0 = Debug|Any CPU
		{8C85B82E-06D8-4A48-BBE6-BDFE2461128E}.Debug|iPhone.Deploy.0 = Debug|Any CPU
		{8C85B82E-06D8-4A48-BBE6-BDFE2461128E}.Debug|iPhoneSimulator.ActiveCfg = Debug|Any CPU
		{8C85B82E-06D8-4A48-BBE6-BDFE2461128E}.Debug|iPhoneSimulator.Build.0 = Debug|Any CPU
		{8C85B82E-06D8-4A48-BBE6-BDFE2461128E}.Debug|iPhoneSimulator.Deploy.0 = Debug|Any CPU
		{8C85B82E-06D8-4A48-BBE6-BDFE2461128E}.Debug|x64.ActiveCfg = Debug|Any CPU
		{8C85B82E-06D8-4A48-BBE6-BDFE2461128E}.Debug|x64.Build.0 = Debug|Any CPU
		{8C85B82E-06D8-4A48-BBE6-BDFE2461128E}.Debug|x86.ActiveCfg = Debug|Any CPU
		{8C85B82E-06D8-4A48-BBE6-BDFE2461128E}.Debug|x86.Build.0 = Debug|Any CPU
		{8C85B82E-06D8-4A48-BBE6-BDFE2461128E}.Release|Any CPU.ActiveCfg = Release|Any CPU
		{8C85B82E-06D8-4A48-BBE6-BDFE2461128E}.Release|Any CPU.Build.0 = Release|Any CPU
		{8C85B82E-06D8-4A48-BBE6-BDFE2461128E}.Release|Any CPU.Deploy.0 = Release|Any CPU
		{8C85B82E-06D8-4A48-BBE6-BDFE2461128E}.Release|ARM.ActiveCfg = Release|Any CPU
		{8C85B82E-06D8-4A48-BBE6-BDFE2461128E}.Release|ARM.Build.0 = Release|Any CPU
		{8C85B82E-06D8-4A48-BBE6-BDFE2461128E}.Release|iPhone.ActiveCfg = Release|Any CPU
		{8C85B82E-06D8-4A48-BBE6-BDFE2461128E}.Release|iPhone.Build.0 = Release|Any CPU
		{8C85B82E-06D8-4A48-BBE6-BDFE2461128E}.Release|iPhone.Deploy.0 = Release|Any CPU
		{8C85B82E-06D8-4A48-BBE6-BDFE2461128E}.Release|iPhoneSimulator.ActiveCfg = Release|Any CPU
		{8C85B82E-06D8-4A48-BBE6-BDFE2461128E}.Release|iPhoneSimulator.Build.0 = Release|Any CPU
		{8C85B82E-06D8-4A48-BBE6-BDFE2461128E}.Release|iPhoneSimulator.Deploy.0 = Release|Any CPU
		{8C85B82E-06D8-4A48-BBE6-BDFE2461128E}.Release|x64.ActiveCfg = Release|Any CPU
		{8C85B82E-06D8-4A48-BBE6-BDFE2461128E}.Release|x64.Build.0 = Release|Any CPU
		{8C85B82E-06D8-4A48-BBE6-BDFE2461128E}.Release|x86.ActiveCfg = Release|Any CPU
		{8C85B82E-06D8-4A48-BBE6-BDFE2461128E}.Release|x86.Build.0 = Release|Any CPU
		{C945ED23-DE52-4510-BE30-9A7C07E4C0B0}.Debug|Any CPU.ActiveCfg = Debug|x86
		{C945ED23-DE52-4510-BE30-9A7C07E4C0B0}.Debug|ARM.ActiveCfg = Debug|ARM
		{C945ED23-DE52-4510-BE30-9A7C07E4C0B0}.Debug|ARM.Build.0 = Debug|ARM
		{C945ED23-DE52-4510-BE30-9A7C07E4C0B0}.Debug|ARM.Deploy.0 = Debug|ARM
		{C945ED23-DE52-4510-BE30-9A7C07E4C0B0}.Debug|iPhone.ActiveCfg = Debug|x86
		{C945ED23-DE52-4510-BE30-9A7C07E4C0B0}.Debug|iPhoneSimulator.ActiveCfg = Debug|x86
		{C945ED23-DE52-4510-BE30-9A7C07E4C0B0}.Debug|x64.ActiveCfg = Debug|x64
		{C945ED23-DE52-4510-BE30-9A7C07E4C0B0}.Debug|x64.Build.0 = Debug|x64
		{C945ED23-DE52-4510-BE30-9A7C07E4C0B0}.Debug|x64.Deploy.0 = Debug|x64
		{C945ED23-DE52-4510-BE30-9A7C07E4C0B0}.Debug|x86.ActiveCfg = Debug|x86
		{C945ED23-DE52-4510-BE30-9A7C07E4C0B0}.Debug|x86.Build.0 = Debug|x86
		{C945ED23-DE52-4510-BE30-9A7C07E4C0B0}.Debug|x86.Deploy.0 = Debug|x86
		{C945ED23-DE52-4510-BE30-9A7C07E4C0B0}.Release|Any CPU.ActiveCfg = Release|x86
		{C945ED23-DE52-4510-BE30-9A7C07E4C0B0}.Release|ARM.ActiveCfg = Release|ARM
		{C945ED23-DE52-4510-BE30-9A7C07E4C0B0}.Release|ARM.Build.0 = Release|ARM
		{C945ED23-DE52-4510-BE30-9A7C07E4C0B0}.Release|ARM.Deploy.0 = Release|ARM
		{C945ED23-DE52-4510-BE30-9A7C07E4C0B0}.Release|iPhone.ActiveCfg = Release|x86
		{C945ED23-DE52-4510-BE30-9A7C07E4C0B0}.Release|iPhoneSimulator.ActiveCfg = Release|x86
		{C945ED23-DE52-4510-BE30-9A7C07E4C0B0}.Release|x64.ActiveCfg = Release|x64
		{C945ED23-DE52-4510-BE30-9A7C07E4C0B0}.Release|x64.Build.0 = Release|x64
		{C945ED23-DE52-4510-BE30-9A7C07E4C0B0}.Release|x64.Deploy.0 = Release|x64
		{C945ED23-DE52-4510-BE30-9A7C07E4C0B0}.Release|x86.ActiveCfg = Release|x86
		{C945ED23-DE52-4510-BE30-9A7C07E4C0B0}.Release|x86.Build.0 = Release|x86
		{C945ED23-DE52-4510-BE30-9A7C07E4C0B0}.Release|x86.Deploy.0 = Release|x86
		{70E94C2B-5C8D-4EC0-9A5E-0937DB05AA46}.Debug|Any CPU.ActiveCfg = Debug|Any CPU
		{70E94C2B-5C8D-4EC0-9A5E-0937DB05AA46}.Debug|Any CPU.Build.0 = Debug|Any CPU
		{70E94C2B-5C8D-4EC0-9A5E-0937DB05AA46}.Debug|Any CPU.Deploy.0 = Debug|Any CPU
		{70E94C2B-5C8D-4EC0-9A5E-0937DB05AA46}.Debug|ARM.ActiveCfg = Debug|Any CPU
		{70E94C2B-5C8D-4EC0-9A5E-0937DB05AA46}.Debug|ARM.Build.0 = Debug|Any CPU
		{70E94C2B-5C8D-4EC0-9A5E-0937DB05AA46}.Debug|ARM.Deploy.0 = Debug|Any CPU
		{70E94C2B-5C8D-4EC0-9A5E-0937DB05AA46}.Debug|iPhone.ActiveCfg = Debug|Any CPU
		{70E94C2B-5C8D-4EC0-9A5E-0937DB05AA46}.Debug|iPhone.Build.0 = Debug|Any CPU
		{70E94C2B-5C8D-4EC0-9A5E-0937DB05AA46}.Debug|iPhone.Deploy.0 = Debug|Any CPU
		{70E94C2B-5C8D-4EC0-9A5E-0937DB05AA46}.Debug|iPhoneSimulator.ActiveCfg = Debug|Any CPU
		{70E94C2B-5C8D-4EC0-9A5E-0937DB05AA46}.Debug|iPhoneSimulator.Build.0 = Debug|Any CPU
		{70E94C2B-5C8D-4EC0-9A5E-0937DB05AA46}.Debug|iPhoneSimulator.Deploy.0 = Debug|Any CPU
		{70E94C2B-5C8D-4EC0-9A5E-0937DB05AA46}.Debug|x64.ActiveCfg = Debug|Any CPU
		{70E94C2B-5C8D-4EC0-9A5E-0937DB05AA46}.Debug|x64.Build.0 = Debug|Any CPU
		{70E94C2B-5C8D-4EC0-9A5E-0937DB05AA46}.Debug|x64.Deploy.0 = Debug|Any CPU
		{70E94C2B-5C8D-4EC0-9A5E-0937DB05AA46}.Debug|x86.ActiveCfg = Debug|Any CPU
		{70E94C2B-5C8D-4EC0-9A5E-0937DB05AA46}.Debug|x86.Build.0 = Debug|Any CPU
		{70E94C2B-5C8D-4EC0-9A5E-0937DB05AA46}.Debug|x86.Deploy.0 = Debug|Any CPU
		{70E94C2B-5C8D-4EC0-9A5E-0937DB05AA46}.Release|Any CPU.ActiveCfg = Release|Any CPU
		{70E94C2B-5C8D-4EC0-9A5E-0937DB05AA46}.Release|Any CPU.Build.0 = Release|Any CPU
		{70E94C2B-5C8D-4EC0-9A5E-0937DB05AA46}.Release|Any CPU.Deploy.0 = Release|Any CPU
		{70E94C2B-5C8D-4EC0-9A5E-0937DB05AA46}.Release|ARM.ActiveCfg = Release|Any CPU
		{70E94C2B-5C8D-4EC0-9A5E-0937DB05AA46}.Release|ARM.Build.0 = Release|Any CPU
		{70E94C2B-5C8D-4EC0-9A5E-0937DB05AA46}.Release|ARM.Deploy.0 = Release|Any CPU
		{70E94C2B-5C8D-4EC0-9A5E-0937DB05AA46}.Release|iPhone.ActiveCfg = Release|Any CPU
		{70E94C2B-5C8D-4EC0-9A5E-0937DB05AA46}.Release|iPhone.Build.0 = Release|Any CPU
		{70E94C2B-5C8D-4EC0-9A5E-0937DB05AA46}.Release|iPhone.Deploy.0 = Release|Any CPU
		{70E94C2B-5C8D-4EC0-9A5E-0937DB05AA46}.Release|iPhoneSimulator.ActiveCfg = Release|Any CPU
		{70E94C2B-5C8D-4EC0-9A5E-0937DB05AA46}.Release|iPhoneSimulator.Build.0 = Release|Any CPU
		{70E94C2B-5C8D-4EC0-9A5E-0937DB05AA46}.Release|iPhoneSimulator.Deploy.0 = Release|Any CPU
		{70E94C2B-5C8D-4EC0-9A5E-0937DB05AA46}.Release|x64.ActiveCfg = Release|Any CPU
		{70E94C2B-5C8D-4EC0-9A5E-0937DB05AA46}.Release|x64.Build.0 = Release|Any CPU
		{70E94C2B-5C8D-4EC0-9A5E-0937DB05AA46}.Release|x64.Deploy.0 = Release|Any CPU
		{70E94C2B-5C8D-4EC0-9A5E-0937DB05AA46}.Release|x86.ActiveCfg = Release|Any CPU
		{70E94C2B-5C8D-4EC0-9A5E-0937DB05AA46}.Release|x86.Build.0 = Release|Any CPU
		{70E94C2B-5C8D-4EC0-9A5E-0937DB05AA46}.Release|x86.Deploy.0 = Release|Any CPU
		{1630E1E5-C163-4FEA-8826-B3A87496A0E2}.Debug|Any CPU.ActiveCfg = Debug|iPhone
		{1630E1E5-C163-4FEA-8826-B3A87496A0E2}.Debug|ARM.ActiveCfg = Debug|iPhone
		{1630E1E5-C163-4FEA-8826-B3A87496A0E2}.Debug|iPhone.ActiveCfg = Debug|iPhone
		{1630E1E5-C163-4FEA-8826-B3A87496A0E2}.Debug|iPhone.Build.0 = Debug|iPhone
		{1630E1E5-C163-4FEA-8826-B3A87496A0E2}.Debug|iPhoneSimulator.ActiveCfg = Debug|iPhoneSimulator
		{1630E1E5-C163-4FEA-8826-B3A87496A0E2}.Debug|iPhoneSimulator.Build.0 = Debug|iPhoneSimulator
		{1630E1E5-C163-4FEA-8826-B3A87496A0E2}.Debug|x64.ActiveCfg = Debug|iPhone
		{1630E1E5-C163-4FEA-8826-B3A87496A0E2}.Debug|x86.ActiveCfg = Debug|iPhone
		{1630E1E5-C163-4FEA-8826-B3A87496A0E2}.Release|Any CPU.ActiveCfg = Release|iPhone
		{1630E1E5-C163-4FEA-8826-B3A87496A0E2}.Release|ARM.ActiveCfg = Release|iPhone
		{1630E1E5-C163-4FEA-8826-B3A87496A0E2}.Release|iPhone.ActiveCfg = Release|iPhone
		{1630E1E5-C163-4FEA-8826-B3A87496A0E2}.Release|iPhone.Build.0 = Release|iPhone
		{1630E1E5-C163-4FEA-8826-B3A87496A0E2}.Release|iPhoneSimulator.ActiveCfg = Release|iPhoneSimulator
		{1630E1E5-C163-4FEA-8826-B3A87496A0E2}.Release|iPhoneSimulator.Build.0 = Release|iPhoneSimulator
		{1630E1E5-C163-4FEA-8826-B3A87496A0E2}.Release|x64.ActiveCfg = Release|iPhone
		{1630E1E5-C163-4FEA-8826-B3A87496A0E2}.Release|x86.ActiveCfg = Release|iPhone
		{21450442-A233-4618-9DAB-A0EFE5554652}.Debug|Any CPU.ActiveCfg = Debug|Any CPU
		{21450442-A233-4618-9DAB-A0EFE5554652}.Debug|Any CPU.Build.0 = Debug|Any CPU
		{21450442-A233-4618-9DAB-A0EFE5554652}.Debug|ARM.ActiveCfg = Debug|Any CPU
		{21450442-A233-4618-9DAB-A0EFE5554652}.Debug|ARM.Build.0 = Debug|Any CPU
		{21450442-A233-4618-9DAB-A0EFE5554652}.Debug|iPhone.ActiveCfg = Debug|Any CPU
		{21450442-A233-4618-9DAB-A0EFE5554652}.Debug|iPhone.Build.0 = Debug|Any CPU
		{21450442-A233-4618-9DAB-A0EFE5554652}.Debug|iPhoneSimulator.ActiveCfg = Debug|Any CPU
		{21450442-A233-4618-9DAB-A0EFE5554652}.Debug|iPhoneSimulator.Build.0 = Debug|Any CPU
		{21450442-A233-4618-9DAB-A0EFE5554652}.Debug|x64.ActiveCfg = Debug|Any CPU
		{21450442-A233-4618-9DAB-A0EFE5554652}.Debug|x64.Build.0 = Debug|Any CPU
		{21450442-A233-4618-9DAB-A0EFE5554652}.Debug|x86.ActiveCfg = Debug|Any CPU
		{21450442-A233-4618-9DAB-A0EFE5554652}.Debug|x86.Build.0 = Debug|Any CPU
		{21450442-A233-4618-9DAB-A0EFE5554652}.Release|Any CPU.ActiveCfg = Release|Any CPU
		{21450442-A233-4618-9DAB-A0EFE5554652}.Release|Any CPU.Build.0 = Release|Any CPU
		{21450442-A233-4618-9DAB-A0EFE5554652}.Release|ARM.ActiveCfg = Release|Any CPU
		{21450442-A233-4618-9DAB-A0EFE5554652}.Release|ARM.Build.0 = Release|Any CPU
		{21450442-A233-4618-9DAB-A0EFE5554652}.Release|iPhone.ActiveCfg = Release|Any CPU
		{21450442-A233-4618-9DAB-A0EFE5554652}.Release|iPhone.Build.0 = Release|Any CPU
		{21450442-A233-4618-9DAB-A0EFE5554652}.Release|iPhoneSimulator.ActiveCfg = Release|Any CPU
		{21450442-A233-4618-9DAB-A0EFE5554652}.Release|iPhoneSimulator.Build.0 = Release|Any CPU
		{21450442-A233-4618-9DAB-A0EFE5554652}.Release|x64.ActiveCfg = Release|Any CPU
		{21450442-A233-4618-9DAB-A0EFE5554652}.Release|x64.Build.0 = Release|Any CPU
		{21450442-A233-4618-9DAB-A0EFE5554652}.Release|x86.ActiveCfg = Release|Any CPU
		{21450442-A233-4618-9DAB-A0EFE5554652}.Release|x86.Build.0 = Release|Any CPU
		{0FFA8C06-4BDB-4911-BD65-F39496992F0B}.Debug|Any CPU.ActiveCfg = Debug|Any CPU
		{0FFA8C06-4BDB-4911-BD65-F39496992F0B}.Debug|Any CPU.Build.0 = Debug|Any CPU
		{0FFA8C06-4BDB-4911-BD65-F39496992F0B}.Debug|ARM.ActiveCfg = Debug|Any CPU
		{0FFA8C06-4BDB-4911-BD65-F39496992F0B}.Debug|ARM.Build.0 = Debug|Any CPU
		{0FFA8C06-4BDB-4911-BD65-F39496992F0B}.Debug|iPhone.ActiveCfg = Debug|Any CPU
		{0FFA8C06-4BDB-4911-BD65-F39496992F0B}.Debug|iPhone.Build.0 = Debug|Any CPU
		{0FFA8C06-4BDB-4911-BD65-F39496992F0B}.Debug|iPhoneSimulator.ActiveCfg = Debug|Any CPU
		{0FFA8C06-4BDB-4911-BD65-F39496992F0B}.Debug|iPhoneSimulator.Build.0 = Debug|Any CPU
		{0FFA8C06-4BDB-4911-BD65-F39496992F0B}.Debug|x64.ActiveCfg = Debug|Any CPU
		{0FFA8C06-4BDB-4911-BD65-F39496992F0B}.Debug|x64.Build.0 = Debug|Any CPU
		{0FFA8C06-4BDB-4911-BD65-F39496992F0B}.Debug|x86.ActiveCfg = Debug|Any CPU
		{0FFA8C06-4BDB-4911-BD65-F39496992F0B}.Debug|x86.Build.0 = Debug|Any CPU
		{0FFA8C06-4BDB-4911-BD65-F39496992F0B}.Release|Any CPU.ActiveCfg = Release|Any CPU
		{0FFA8C06-4BDB-4911-BD65-F39496992F0B}.Release|Any CPU.Build.0 = Release|Any CPU
		{0FFA8C06-4BDB-4911-BD65-F39496992F0B}.Release|ARM.ActiveCfg = Release|Any CPU
		{0FFA8C06-4BDB-4911-BD65-F39496992F0B}.Release|ARM.Build.0 = Release|Any CPU
		{0FFA8C06-4BDB-4911-BD65-F39496992F0B}.Release|iPhone.ActiveCfg = Release|Any CPU
		{0FFA8C06-4BDB-4911-BD65-F39496992F0B}.Release|iPhone.Build.0 = Release|Any CPU
		{0FFA8C06-4BDB-4911-BD65-F39496992F0B}.Release|iPhoneSimulator.ActiveCfg = Release|Any CPU
		{0FFA8C06-4BDB-4911-BD65-F39496992F0B}.Release|iPhoneSimulator.Build.0 = Release|Any CPU
		{0FFA8C06-4BDB-4911-BD65-F39496992F0B}.Release|x64.ActiveCfg = Release|Any CPU
		{0FFA8C06-4BDB-4911-BD65-F39496992F0B}.Release|x64.Build.0 = Release|Any CPU
		{0FFA8C06-4BDB-4911-BD65-F39496992F0B}.Release|x86.ActiveCfg = Release|Any CPU
		{0FFA8C06-4BDB-4911-BD65-F39496992F0B}.Release|x86.Build.0 = Release|Any CPU
		{DCD8A899-E1FA-457B-9A9A-57F37D573F59}.Debug|Any CPU.ActiveCfg = Debug|Any CPU
		{DCD8A899-E1FA-457B-9A9A-57F37D573F59}.Debug|Any CPU.Build.0 = Debug|Any CPU
		{DCD8A899-E1FA-457B-9A9A-57F37D573F59}.Debug|Any CPU.Deploy.0 = Debug|Any CPU
		{DCD8A899-E1FA-457B-9A9A-57F37D573F59}.Debug|ARM.ActiveCfg = Debug|Any CPU
		{DCD8A899-E1FA-457B-9A9A-57F37D573F59}.Debug|ARM.Build.0 = Debug|Any CPU
		{DCD8A899-E1FA-457B-9A9A-57F37D573F59}.Debug|ARM.Deploy.0 = Debug|Any CPU
		{DCD8A899-E1FA-457B-9A9A-57F37D573F59}.Debug|iPhone.ActiveCfg = Debug|Any CPU
		{DCD8A899-E1FA-457B-9A9A-57F37D573F59}.Debug|iPhone.Build.0 = Debug|Any CPU
		{DCD8A899-E1FA-457B-9A9A-57F37D573F59}.Debug|iPhone.Deploy.0 = Debug|Any CPU
		{DCD8A899-E1FA-457B-9A9A-57F37D573F59}.Debug|iPhoneSimulator.ActiveCfg = Debug|Any CPU
		{DCD8A899-E1FA-457B-9A9A-57F37D573F59}.Debug|iPhoneSimulator.Build.0 = Debug|Any CPU
		{DCD8A899-E1FA-457B-9A9A-57F37D573F59}.Debug|iPhoneSimulator.Deploy.0 = Debug|Any CPU
		{DCD8A899-E1FA-457B-9A9A-57F37D573F59}.Debug|x64.ActiveCfg = Debug|Any CPU
		{DCD8A899-E1FA-457B-9A9A-57F37D573F59}.Debug|x64.Build.0 = Debug|Any CPU
		{DCD8A899-E1FA-457B-9A9A-57F37D573F59}.Debug|x64.Deploy.0 = Debug|Any CPU
		{DCD8A899-E1FA-457B-9A9A-57F37D573F59}.Debug|x86.ActiveCfg = Debug|Any CPU
		{DCD8A899-E1FA-457B-9A9A-57F37D573F59}.Debug|x86.Build.0 = Debug|Any CPU
		{DCD8A899-E1FA-457B-9A9A-57F37D573F59}.Debug|x86.Deploy.0 = Debug|Any CPU
		{DCD8A899-E1FA-457B-9A9A-57F37D573F59}.Release|Any CPU.ActiveCfg = Release|Any CPU
		{DCD8A899-E1FA-457B-9A9A-57F37D573F59}.Release|Any CPU.Build.0 = Release|Any CPU
		{DCD8A899-E1FA-457B-9A9A-57F37D573F59}.Release|Any CPU.Deploy.0 = Release|Any CPU
		{DCD8A899-E1FA-457B-9A9A-57F37D573F59}.Release|ARM.ActiveCfg = Release|Any CPU
		{DCD8A899-E1FA-457B-9A9A-57F37D573F59}.Release|ARM.Build.0 = Release|Any CPU
		{DCD8A899-E1FA-457B-9A9A-57F37D573F59}.Release|ARM.Deploy.0 = Release|Any CPU
		{DCD8A899-E1FA-457B-9A9A-57F37D573F59}.Release|iPhone.ActiveCfg = Release|Any CPU
		{DCD8A899-E1FA-457B-9A9A-57F37D573F59}.Release|iPhone.Build.0 = Release|Any CPU
		{DCD8A899-E1FA-457B-9A9A-57F37D573F59}.Release|iPhone.Deploy.0 = Release|Any CPU
		{DCD8A899-E1FA-457B-9A9A-57F37D573F59}.Release|iPhoneSimulator.ActiveCfg = Release|Any CPU
		{DCD8A899-E1FA-457B-9A9A-57F37D573F59}.Release|iPhoneSimulator.Build.0 = Release|Any CPU
		{DCD8A899-E1FA-457B-9A9A-57F37D573F59}.Release|iPhoneSimulator.Deploy.0 = Release|Any CPU
		{DCD8A899-E1FA-457B-9A9A-57F37D573F59}.Release|x64.ActiveCfg = Release|Any CPU
		{DCD8A899-E1FA-457B-9A9A-57F37D573F59}.Release|x64.Build.0 = Release|Any CPU
		{DCD8A899-E1FA-457B-9A9A-57F37D573F59}.Release|x64.Deploy.0 = Release|Any CPU
		{DCD8A899-E1FA-457B-9A9A-57F37D573F59}.Release|x86.ActiveCfg = Release|Any CPU
		{DCD8A899-E1FA-457B-9A9A-57F37D573F59}.Release|x86.Build.0 = Release|Any CPU
		{DCD8A899-E1FA-457B-9A9A-57F37D573F59}.Release|x86.Deploy.0 = Release|Any CPU
		{55F19E14-B16D-4126-BAFD-93CE736E6368}.Debug|Any CPU.ActiveCfg = Debug|iPhone
		{55F19E14-B16D-4126-BAFD-93CE736E6368}.Debug|ARM.ActiveCfg = Debug|iPhone
		{55F19E14-B16D-4126-BAFD-93CE736E6368}.Debug|iPhone.ActiveCfg = Debug|iPhone
		{55F19E14-B16D-4126-BAFD-93CE736E6368}.Debug|iPhone.Build.0 = Debug|iPhone
		{55F19E14-B16D-4126-BAFD-93CE736E6368}.Debug|iPhoneSimulator.ActiveCfg = Debug|iPhoneSimulator
		{55F19E14-B16D-4126-BAFD-93CE736E6368}.Debug|iPhoneSimulator.Build.0 = Debug|iPhoneSimulator
		{55F19E14-B16D-4126-BAFD-93CE736E6368}.Debug|x64.ActiveCfg = Debug|iPhone
		{55F19E14-B16D-4126-BAFD-93CE736E6368}.Debug|x86.ActiveCfg = Debug|iPhone
		{55F19E14-B16D-4126-BAFD-93CE736E6368}.Release|Any CPU.ActiveCfg = Release|iPhone
		{55F19E14-B16D-4126-BAFD-93CE736E6368}.Release|ARM.ActiveCfg = Release|iPhone
		{55F19E14-B16D-4126-BAFD-93CE736E6368}.Release|iPhone.ActiveCfg = Release|iPhone
		{55F19E14-B16D-4126-BAFD-93CE736E6368}.Release|iPhone.Build.0 = Release|iPhone
		{55F19E14-B16D-4126-BAFD-93CE736E6368}.Release|iPhoneSimulator.ActiveCfg = Release|iPhoneSimulator
		{55F19E14-B16D-4126-BAFD-93CE736E6368}.Release|iPhoneSimulator.Build.0 = Release|iPhoneSimulator
		{55F19E14-B16D-4126-BAFD-93CE736E6368}.Release|x64.ActiveCfg = Release|iPhone
		{55F19E14-B16D-4126-BAFD-93CE736E6368}.Release|x86.ActiveCfg = Release|iPhone
		{BB5DD585-A751-4A02-AEFC-938F5F870C99}.Debug|Any CPU.ActiveCfg = Debug|Any CPU
		{BB5DD585-A751-4A02-AEFC-938F5F870C99}.Debug|Any CPU.Build.0 = Debug|Any CPU
		{BB5DD585-A751-4A02-AEFC-938F5F870C99}.Debug|ARM.ActiveCfg = Debug|Any CPU
		{BB5DD585-A751-4A02-AEFC-938F5F870C99}.Debug|ARM.Build.0 = Debug|Any CPU
		{BB5DD585-A751-4A02-AEFC-938F5F870C99}.Debug|iPhone.ActiveCfg = Debug|Any CPU
		{BB5DD585-A751-4A02-AEFC-938F5F870C99}.Debug|iPhone.Build.0 = Debug|Any CPU
		{BB5DD585-A751-4A02-AEFC-938F5F870C99}.Debug|iPhoneSimulator.ActiveCfg = Debug|Any CPU
		{BB5DD585-A751-4A02-AEFC-938F5F870C99}.Debug|iPhoneSimulator.Build.0 = Debug|Any CPU
		{BB5DD585-A751-4A02-AEFC-938F5F870C99}.Debug|x64.ActiveCfg = Debug|Any CPU
		{BB5DD585-A751-4A02-AEFC-938F5F870C99}.Debug|x64.Build.0 = Debug|Any CPU
		{BB5DD585-A751-4A02-AEFC-938F5F870C99}.Debug|x86.ActiveCfg = Debug|Any CPU
		{BB5DD585-A751-4A02-AEFC-938F5F870C99}.Debug|x86.Build.0 = Debug|Any CPU
		{BB5DD585-A751-4A02-AEFC-938F5F870C99}.Release|Any CPU.ActiveCfg = Release|Any CPU
		{BB5DD585-A751-4A02-AEFC-938F5F870C99}.Release|Any CPU.Build.0 = Release|Any CPU
		{BB5DD585-A751-4A02-AEFC-938F5F870C99}.Release|ARM.ActiveCfg = Release|Any CPU
		{BB5DD585-A751-4A02-AEFC-938F5F870C99}.Release|ARM.Build.0 = Release|Any CPU
		{BB5DD585-A751-4A02-AEFC-938F5F870C99}.Release|iPhone.ActiveCfg = Release|Any CPU
		{BB5DD585-A751-4A02-AEFC-938F5F870C99}.Release|iPhone.Build.0 = Release|Any CPU
		{BB5DD585-A751-4A02-AEFC-938F5F870C99}.Release|iPhoneSimulator.ActiveCfg = Release|Any CPU
		{BB5DD585-A751-4A02-AEFC-938F5F870C99}.Release|iPhoneSimulator.Build.0 = Release|Any CPU
		{BB5DD585-A751-4A02-AEFC-938F5F870C99}.Release|x64.ActiveCfg = Release|Any CPU
		{BB5DD585-A751-4A02-AEFC-938F5F870C99}.Release|x64.Build.0 = Release|Any CPU
		{BB5DD585-A751-4A02-AEFC-938F5F870C99}.Release|x86.ActiveCfg = Release|Any CPU
		{BB5DD585-A751-4A02-AEFC-938F5F870C99}.Release|x86.Build.0 = Release|Any CPU
	EndGlobalSection
	GlobalSection(SolutionProperties) = preSolution
		HideSolutionNode = FALSE
	EndGlobalSection
	GlobalSection(NestedProjects) = preSolution
		{DCD8A899-E1FA-457B-9A9A-57F37D573F59} = {7FE0D38E-F0F3-42E7-A6BB-7F20586D47CC}
		{55F19E14-B16D-4126-BAFD-93CE736E6368} = {7FE0D38E-F0F3-42E7-A6BB-7F20586D47CC}
		{BB5DD585-A751-4A02-AEFC-938F5F870C99} = {7FE0D38E-F0F3-42E7-A6BB-7F20586D47CC}
	EndGlobalSection
	GlobalSection(ExtensibilityGlobals) = postSolution
		SolutionGuid = {C69C8631-AA8F-448A-885B-D467D67B02BB}
	EndGlobalSection
EndGlobal
